
Microsoft Visual Studio Solution File, Format Version 12.00
# Visual Studio Version 16
VisualStudioVersion = 16.0.30621.155
MinimumVisualStudioVersion = 10.0.40219.1
Project("{FAE04EC0-301F-11D3-BF4B-00C04F79EFBC}") = "myRPG", "myRPG.csproj", "{78300D92-D3D8-40B4-BDBE-F06CCB639670}"
EndProject
Global
	GlobalSection(SolutionConfigurationPlatforms) = preSolution
		Debug|Any CPU = Debug|Any CPU
		Release|Any CPU = Release|Any CPU
	EndGlobalSection
	GlobalSection(ProjectConfigurationPlatforms) = postSolution
		{78300D92-D3D8-40B4-BDBE-F06CCB639670}.Debug|Any CPU.ActiveCfg = Debug|Any CPU
		{78300D92-D3D8-40B4-BDBE-F06CCB639670}.Debug|Any CPU.Build.0 = Debug|Any CPU
		{78300D92-D3D8-40B4-BDBE-F06CCB639670}.Release|Any CPU.ActiveCfg = Release|Any CPU
		{78300D92-D3D8-40B4-BDBE-F06CCB639670}.Release|Any CPU.Build.0 = Release|Any CPU
	EndGlobalSection
	GlobalSection(SolutionProperties) = preSolution
		HideSolutionNode = FALSE
	EndGlobalSection
	GlobalSection(ExtensibilityGlobals) = postSolution
		SolutionGuid = {26571056-D20C-401E-8B34-AD7395FDAF9E}
	EndGlobalSection
EndGlobal
